
Microsoft Visual Studio Solution File, Format Version 12.00
# Visual Studio Version 16
VisualStudioVersion = 16.0.32228.343
MinimumVisualStudioVersion = 10.0.40219.1
Project("{FAE04EC0-301F-11D3-BF4B-00C04F79EFBC}") = "MovieList", "MovieList\MovieList.csproj", "{D9BDC355-18D1-448C-83BA-81F4852F82EB}"
EndProject
Global
	GlobalSection(SolutionConfigurationPlatforms) = preSolution
		Debug|Any CPU = Debug|Any CPU
		Release|Any CPU = Release|Any CPU
	EndGlobalSection
	GlobalSection(ProjectConfigurationPlatforms) = postSolution
		{D9BDC355-18D1-448C-83BA-81F4852F82EB}.Debug|Any CPU.ActiveCfg = Debug|Any CPU
		{D9BDC355-18D1-448C-83BA-81F4852F82EB}.Debug|Any CPU.Build.0 = Debug|Any CPU
		{D9BDC355-18D1-448C-83BA-81F4852F82EB}.Release|Any CPU.ActiveCfg = Release|Any CPU
		{D9BDC355-18D1-448C-83BA-81F4852F82EB}.Release|Any CPU.Build.0 = Release|Any CPU
	EndGlobalSection
	GlobalSection(SolutionProperties) = preSolution
		HideSolutionNode = FALSE
	EndGlobalSection
	GlobalSection(ExtensibilityGlobals) = postSolution
		SolutionGuid = {FD4EAF85-75E7-45D1-9E43-001D7B1DC1DC}
	EndGlobalSection
EndGlobal
